
Microsoft Visual Studio Solution File, Format Version 12.00
# Visual Studio Version 17
VisualStudioVersion = 17.10.34928.147
MinimumVisualStudioVersion = 10.0.40219.1
Project("{9A19103F-16F7-4668-BE54-9A1E7A4F7556}") = "CRCVerifyTool", "CRCVerifyTool\CRCVerifyTool.csproj", "{D59588FD-8B8F-45DD-B341-554264B05156}"
EndProject
Project("{9A19103F-16F7-4668-BE54-9A1E7A4F7556}") = "CRCVerifyTool_WPF", "CRCVerifyTool_WPF\CRCVerifyTool_WPF.csproj", "{D09D26C1-06B5-4F2F-B537-275D565E63F1}"
EndProject
Project("{54435603-DBB4-11D2-8724-00A0C9A8B90C}") = "CRCVerifyTool_WPF版", "CRCVerifyTool_WPF版\CRCVerifyTool_WPF版.vdproj", "{BFB2AD60-F1B5-4E10-989A-D8D747842306}"
EndProject
Project("{54435603-DBB4-11D2-8724-00A0C9A8B90C}") = "CRCVerifyTool_Winform版", "CRCVerifyTool_Winform版\CRCVerifyTool_Winform版.vdproj", "{B6CF581A-B1E8-4E46-8607-098508AF9CCB}"
EndProject
Global
	GlobalSection(SolutionConfigurationPlatforms) = preSolution
		Debug|Any CPU = Debug|Any CPU
		Release|Any CPU = Release|Any CPU
	EndGlobalSection
	GlobalSection(ProjectConfigurationPlatforms) = postSolution
		{D59588FD-8B8F-45DD-B341-554264B05156}.Debug|Any CPU.ActiveCfg = Debug|Any CPU
		{D59588FD-8B8F-45DD-B341-554264B05156}.Debug|Any CPU.Build.0 = Debug|Any CPU
		{D59588FD-8B8F-45DD-B341-554264B05156}.Release|Any CPU.ActiveCfg = Release|Any CPU
		{D59588FD-8B8F-45DD-B341-554264B05156}.Release|Any CPU.Build.0 = Release|Any CPU
		{D09D26C1-06B5-4F2F-B537-275D565E63F1}.Debug|Any CPU.ActiveCfg = Debug|Any CPU
		{D09D26C1-06B5-4F2F-B537-275D565E63F1}.Debug|Any CPU.Build.0 = Debug|Any CPU
		{D09D26C1-06B5-4F2F-B537-275D565E63F1}.Release|Any CPU.ActiveCfg = Release|Any CPU
		{D09D26C1-06B5-4F2F-B537-275D565E63F1}.Release|Any CPU.Build.0 = Release|Any CPU
		{BFB2AD60-F1B5-4E10-989A-D8D747842306}.Debug|Any CPU.ActiveCfg = Debug
		{BFB2AD60-F1B5-4E10-989A-D8D747842306}.Release|Any CPU.ActiveCfg = Release
		{B6CF581A-B1E8-4E46-8607-098508AF9CCB}.Debug|Any CPU.ActiveCfg = Debug
		{B6CF581A-B1E8-4E46-8607-098508AF9CCB}.Release|Any CPU.ActiveCfg = Release
	EndGlobalSection
	GlobalSection(SolutionProperties) = preSolution
		HideSolutionNode = FALSE
	EndGlobalSection
	GlobalSection(ExtensibilityGlobals) = postSolution
		SolutionGuid = {96294592-CCD1-404E-8533-32157BA54533}
	EndGlobalSection
EndGlobal
